
Microsoft Visual Studio Solution File, Format Version 12.00
# Visual Studio 14
VisualStudioVersion = 14.0.25420.1
MinimumVisualStudioVersion = 10.0.40219.1
Project("{FAE04EC0-301F-11D3-BF4B-00C04F79EFBC}") = "DspSharpPlot", "DspSharpPlot\DspSharpPlot.csproj", "{1F3FBBD4-79E7-4F3F-9FEB-44822E4545FA}"
EndProject
Project("{FAE04EC0-301F-11D3-BF4B-00C04F79EFBC}") = "DspSharpDemo", "DspSharpDemo\DspSharpDemo.csproj", "{E5082A3F-27F3-41BC-A674-2010222ADE62}"
EndProject
Project("{FAE04EC0-301F-11D3-BF4B-00C04F79EFBC}") = "DspSharp", "DspSharp\DspSharp.csproj", "{17269798-53CF-4088-B7AC-157108E8EACA}"
EndProject
Project("{2150E333-8FDC-42A3-9474-1A3956D46DE8}") = "Solution Items", "Solution Items", "{82088441-657A-4314-B3A5-D7BB3CE2D2F5}"
	ProjectSection(SolutionItems) = preProject
		LICENSE.txt = LICENSE.txt
	EndProjectSection
EndProject
Project("{FAE04EC0-301F-11D3-BF4B-00C04F79EFBC}") = "DspSharp.DynamicInterop", "DspSharp.DynamicInterop\DspSharp.DynamicInterop.csproj", "{74829BDE-ED15-489C-A29E-09C260F38F3A}"
EndProject
Project("{FAE04EC0-301F-11D3-BF4B-00C04F79EFBC}") = "DspSharpTest", "DspSharpTest\DspSharpTest.csproj", "{F2939B79-68B6-4477-B716-5CCF11C0FDDB}"
EndProject
Project("{FAE04EC0-301F-11D3-BF4B-00C04F79EFBC}") = "DspSharpFftw", "DspSharpFftw\DspSharpFftw.csproj", "{9BA736BB-BF16-40F7-A59F-8F271DD8CFA0}"
EndProject
Project("{FAE04EC0-301F-11D3-BF4B-00C04F79EFBC}") = "DspSharpAsio", "DspSharpAsio\DspSharpAsio.csproj", "{8420C3E2-CA65-44A1-BBC7-F259751FAE9C}"
EndProject
Global
	GlobalSection(SolutionConfigurationPlatforms) = preSolution
		Debug|Any CPU = Debug|Any CPU
		Release|Any CPU = Release|Any CPU
	EndGlobalSection
	GlobalSection(ProjectConfigurationPlatforms) = postSolution
		{1F3FBBD4-79E7-4F3F-9FEB-44822E4545FA}.Debug|Any CPU.ActiveCfg = Debug|Any CPU
		{1F3FBBD4-79E7-4F3F-9FEB-44822E4545FA}.Debug|Any CPU.Build.0 = Debug|Any CPU
		{1F3FBBD4-79E7-4F3F-9FEB-44822E4545FA}.Release|Any CPU.ActiveCfg = Release|Any CPU
		{1F3FBBD4-79E7-4F3F-9FEB-44822E4545FA}.Release|Any CPU.Build.0 = Release|Any CPU
		{E5082A3F-27F3-41BC-A674-2010222ADE62}.Debug|Any CPU.ActiveCfg = Debug|Any CPU
		{E5082A3F-27F3-41BC-A674-2010222ADE62}.Debug|Any CPU.Build.0 = Debug|Any CPU
		{E5082A3F-27F3-41BC-A674-2010222ADE62}.Release|Any CPU.ActiveCfg = Release|Any CPU
		{E5082A3F-27F3-41BC-A674-2010222ADE62}.Release|Any CPU.Build.0 = Release|Any CPU
		{17269798-53CF-4088-B7AC-157108E8EACA}.Debug|Any CPU.ActiveCfg = Debug|Any CPU
		{17269798-53CF-4088-B7AC-157108E8EACA}.Debug|Any CPU.Build.0 = Debug|Any CPU
		{17269798-53CF-4088-B7AC-157108E8EACA}.Release|Any CPU.ActiveCfg = Release|Any CPU
		{17269798-53CF-4088-B7AC-157108E8EACA}.Release|Any CPU.Build.0 = Release|Any CPU
		{74829BDE-ED15-489C-A29E-09C260F38F3A}.Debug|Any CPU.ActiveCfg = Debug|Any CPU
		{74829BDE-ED15-489C-A29E-09C260F38F3A}.Debug|Any CPU.Build.0 = Debug|Any CPU
		{74829BDE-ED15-489C-A29E-09C260F38F3A}.Release|Any CPU.ActiveCfg = Release|Any CPU
		{74829BDE-ED15-489C-A29E-09C260F38F3A}.Release|Any CPU.Build.0 = Release|Any CPU
		{F2939B79-68B6-4477-B716-5CCF11C0FDDB}.Debug|Any CPU.ActiveCfg = Debug|Any CPU
		{F2939B79-68B6-4477-B716-5CCF11C0FDDB}.Debug|Any CPU.Build.0 = Debug|Any CPU
		{F2939B79-68B6-4477-B716-5CCF11C0FDDB}.Release|Any CPU.ActiveCfg = Release|Any CPU
		{F2939B79-68B6-4477-B716-5CCF11C0FDDB}.Release|Any CPU.Build.0 = Release|Any CPU
		{9BA736BB-BF16-40F7-A59F-8F271DD8CFA0}.Debug|Any CPU.ActiveCfg = Debug|Any CPU
		{9BA736BB-BF16-40F7-A59F-8F271DD8CFA0}.Debug|Any CPU.Build.0 = Debug|Any CPU
		{9BA736BB-BF16-40F7-A59F-8F271DD8CFA0}.Release|Any CPU.ActiveCfg = Release|Any CPU
		{9BA736BB-BF16-40F7-A59F-8F271DD8CFA0}.Release|Any CPU.Build.0 = Release|Any CPU
		{8420C3E2-CA65-44A1-BBC7-F259751FAE9C}.Debug|Any CPU.ActiveCfg = Debug|Any CPU
		{8420C3E2-CA65-44A1-BBC7-F259751FAE9C}.Debug|Any CPU.Build.0 = Debug|Any CPU
		{8420C3E2-CA65-44A1-BBC7-F259751FAE9C}.Release|Any CPU.ActiveCfg = Release|Any CPU
		{8420C3E2-CA65-44A1-BBC7-F259751FAE9C}.Release|Any CPU.Build.0 = Release|Any CPU
	EndGlobalSection
	GlobalSection(SolutionProperties) = preSolution
		HideSolutionNode = FALSE
	EndGlobalSection
EndGlobal
