
Microsoft Visual Studio Solution File, Format Version 12.00
# Visual Studio 14
VisualStudioVersion = 14.0.25420.1
MinimumVisualStudioVersion = 10.0.40219.1
Project("{FAE04EC0-301F-11D3-BF4B-00C04F79EFBC}") = "FilterPlot", "FilterPlot\FilterPlot.csproj", "{1F3FBBD4-79E7-4F3F-9FEB-44822E4545FA}"
EndProject
Project("{FAE04EC0-301F-11D3-BF4B-00C04F79EFBC}") = "FilterDemo", "FilterDemo\FilterDemo.csproj", "{E5082A3F-27F3-41BC-A674-2010222ADE62}"
EndProject
Project("{FAE04EC0-301F-11D3-BF4B-00C04F79EFBC}") = "Filter", "Filter\Filter.csproj", "{17269798-53CF-4088-B7AC-157108E8EACA}"
EndProject
Project("{FAE04EC0-301F-11D3-BF4B-00C04F79EFBC}") = "FilterWin", "FilterWin\FilterWin.csproj", "{8420C3E2-CA65-44A1-BBC7-F259751FAE9C}"
EndProject
Project("{2150E333-8FDC-42A3-9474-1A3956D46DE8}") = "Solution Items", "Solution Items", "{82088441-657A-4314-B3A5-D7BB3CE2D2F5}"
	ProjectSection(SolutionItems) = preProject
		LICENSE.txt = LICENSE.txt
	EndProjectSection
EndProject
Project("{FAE04EC0-301F-11D3-BF4B-00C04F79EFBC}") = "DynamicInterop", "DynamicInterop\DynamicInterop.csproj", "{74829BDE-ED15-489C-A29E-09C260F38F3A}"
EndProject
Project("{FAE04EC0-301F-11D3-BF4B-00C04F79EFBC}") = "FilterTest", "FilterTest\FilterTest.csproj", "{F2939B79-68B6-4477-B716-5CCF11C0FDDB}"
EndProject
Global
	GlobalSection(SolutionConfigurationPlatforms) = preSolution
		Debug|x64 = Debug|x64
		Debug|x86 = Debug|x86
		Release|x64 = Release|x64
		Release|x86 = Release|x86
	EndGlobalSection
	GlobalSection(ProjectConfigurationPlatforms) = postSolution
		{1F3FBBD4-79E7-4F3F-9FEB-44822E4545FA}.Debug|x64.ActiveCfg = Debug|x64
		{1F3FBBD4-79E7-4F3F-9FEB-44822E4545FA}.Debug|x64.Build.0 = Debug|x64
		{1F3FBBD4-79E7-4F3F-9FEB-44822E4545FA}.Debug|x86.ActiveCfg = Debug|x86
		{1F3FBBD4-79E7-4F3F-9FEB-44822E4545FA}.Debug|x86.Build.0 = Debug|x86
		{1F3FBBD4-79E7-4F3F-9FEB-44822E4545FA}.Release|x64.ActiveCfg = Release|x64
		{1F3FBBD4-79E7-4F3F-9FEB-44822E4545FA}.Release|x64.Build.0 = Release|x64
		{1F3FBBD4-79E7-4F3F-9FEB-44822E4545FA}.Release|x86.ActiveCfg = Release|x86
		{1F3FBBD4-79E7-4F3F-9FEB-44822E4545FA}.Release|x86.Build.0 = Release|x86
		{E5082A3F-27F3-41BC-A674-2010222ADE62}.Debug|x64.ActiveCfg = Debug|x64
		{E5082A3F-27F3-41BC-A674-2010222ADE62}.Debug|x64.Build.0 = Debug|x64
		{E5082A3F-27F3-41BC-A674-2010222ADE62}.Debug|x86.ActiveCfg = Debug|x86
		{E5082A3F-27F3-41BC-A674-2010222ADE62}.Debug|x86.Build.0 = Debug|x86
		{E5082A3F-27F3-41BC-A674-2010222ADE62}.Release|x64.ActiveCfg = Release|x64
		{E5082A3F-27F3-41BC-A674-2010222ADE62}.Release|x64.Build.0 = Release|x64
		{E5082A3F-27F3-41BC-A674-2010222ADE62}.Release|x86.ActiveCfg = Release|x86
		{E5082A3F-27F3-41BC-A674-2010222ADE62}.Release|x86.Build.0 = Release|x86
		{17269798-53CF-4088-B7AC-157108E8EACA}.Debug|x64.ActiveCfg = Debug|x64
		{17269798-53CF-4088-B7AC-157108E8EACA}.Debug|x64.Build.0 = Debug|x64
		{17269798-53CF-4088-B7AC-157108E8EACA}.Debug|x86.ActiveCfg = Debug|x86
		{17269798-53CF-4088-B7AC-157108E8EACA}.Debug|x86.Build.0 = Debug|x86
		{17269798-53CF-4088-B7AC-157108E8EACA}.Release|x64.ActiveCfg = Release|x64
		{17269798-53CF-4088-B7AC-157108E8EACA}.Release|x64.Build.0 = Release|x64
		{17269798-53CF-4088-B7AC-157108E8EACA}.Release|x86.ActiveCfg = Release|x86
		{17269798-53CF-4088-B7AC-157108E8EACA}.Release|x86.Build.0 = Release|x86
		{8420C3E2-CA65-44A1-BBC7-F259751FAE9C}.Debug|x64.ActiveCfg = Debug|x64
		{8420C3E2-CA65-44A1-BBC7-F259751FAE9C}.Debug|x64.Build.0 = Debug|x64
		{8420C3E2-CA65-44A1-BBC7-F259751FAE9C}.Debug|x86.ActiveCfg = Debug|x86
		{8420C3E2-CA65-44A1-BBC7-F259751FAE9C}.Debug|x86.Build.0 = Debug|x86
		{8420C3E2-CA65-44A1-BBC7-F259751FAE9C}.Release|x64.ActiveCfg = Release|x64
		{8420C3E2-CA65-44A1-BBC7-F259751FAE9C}.Release|x64.Build.0 = Release|x64
		{8420C3E2-CA65-44A1-BBC7-F259751FAE9C}.Release|x86.ActiveCfg = Release|x86
		{8420C3E2-CA65-44A1-BBC7-F259751FAE9C}.Release|x86.Build.0 = Release|x86
		{74829BDE-ED15-489C-A29E-09C260F38F3A}.Debug|x64.ActiveCfg = Debug|Any CPU
		{74829BDE-ED15-489C-A29E-09C260F38F3A}.Debug|x64.Build.0 = Debug|Any CPU
		{74829BDE-ED15-489C-A29E-09C260F38F3A}.Debug|x86.ActiveCfg = Debug|Any CPU
		{74829BDE-ED15-489C-A29E-09C260F38F3A}.Debug|x86.Build.0 = Debug|Any CPU
		{74829BDE-ED15-489C-A29E-09C260F38F3A}.Release|x64.ActiveCfg = Release|Any CPU
		{74829BDE-ED15-489C-A29E-09C260F38F3A}.Release|x64.Build.0 = Release|Any CPU
		{74829BDE-ED15-489C-A29E-09C260F38F3A}.Release|x86.ActiveCfg = Release|Any CPU
		{74829BDE-ED15-489C-A29E-09C260F38F3A}.Release|x86.Build.0 = Release|Any CPU
		{F2939B79-68B6-4477-B716-5CCF11C0FDDB}.Debug|x64.ActiveCfg = Debug|x64
		{F2939B79-68B6-4477-B716-5CCF11C0FDDB}.Debug|x64.Build.0 = Debug|x64
		{F2939B79-68B6-4477-B716-5CCF11C0FDDB}.Debug|x86.ActiveCfg = Debug|x86
		{F2939B79-68B6-4477-B716-5CCF11C0FDDB}.Debug|x86.Build.0 = Debug|x86
		{F2939B79-68B6-4477-B716-5CCF11C0FDDB}.Release|x64.ActiveCfg = Release|x64
		{F2939B79-68B6-4477-B716-5CCF11C0FDDB}.Release|x64.Build.0 = Release|x64
		{F2939B79-68B6-4477-B716-5CCF11C0FDDB}.Release|x86.ActiveCfg = Release|x86
		{F2939B79-68B6-4477-B716-5CCF11C0FDDB}.Release|x86.Build.0 = Release|x86
	EndGlobalSection
	GlobalSection(SolutionProperties) = preSolution
		HideSolutionNode = FALSE
	EndGlobalSection
EndGlobal
